
Microsoft Visual Studio Solution File, Format Version 12.00
# Visual Studio Version 17
VisualStudioVersion = 17.9.34728.123
MinimumVisualStudioVersion = 10.0.40219.1
Project("{FAE04EC0-301F-11D3-BF4B-00C04F79EFBC}") = "EstanteDeLivros", "EstanteDeLivros\EstanteDeLivros.csproj", "{C8D9C4F1-8B16-4306-8048-D7028FD08B98}"
EndProject
Global
	GlobalSection(SolutionConfigurationPlatforms) = preSolution
		Debug|Any CPU = Debug|Any CPU
		Release|Any CPU = Release|Any CPU
	EndGlobalSection
	GlobalSection(ProjectConfigurationPlatforms) = postSolution
		{C8D9C4F1-8B16-4306-8048-D7028FD08B98}.Debug|Any CPU.ActiveCfg = Debug|Any CPU
		{C8D9C4F1-8B16-4306-8048-D7028FD08B98}.Debug|Any CPU.Build.0 = Debug|Any CPU
		{C8D9C4F1-8B16-4306-8048-D7028FD08B98}.Release|Any CPU.ActiveCfg = Release|Any CPU
		{C8D9C4F1-8B16-4306-8048-D7028FD08B98}.Release|Any CPU.Build.0 = Release|Any CPU
	EndGlobalSection
	GlobalSection(SolutionProperties) = preSolution
		HideSolutionNode = FALSE
	EndGlobalSection
	GlobalSection(ExtensibilityGlobals) = postSolution
		SolutionGuid = {12AAEF6D-E952-493A-80C7-45A9C4D04C6A}
	EndGlobalSection
EndGlobal
